# THIS IS AN AUTOGENERATED FILE. DO NOT EDIT THIS FILE DIRECTLY.
# yarn lockfile v1


"@algolia/autocomplete-core@^1.0.0-alpha.35":
  version "1.0.0-alpha.39"
  resolved "https://registry.yarnpkg.com/@algolia/autocomplete-core/-/autocomplete-core-1.0.0-alpha.39.tgz#46d4c612243df75da9f2c57edd6f6d7b08633f13"
  integrity sha512-Iaer2aItGbNlJr5/lI65zR0yfFCEVedBwm8A3MTLB6Gj/A5sXscL+X4mP04hQemUMqZ9c2cLryVN1UI0h09t3w==
  dependencies:
    "@algolia/autocomplete-shared" "1.0.0-alpha.39"

"@algolia/autocomplete-preset-algolia@^1.0.0-alpha.35":
  version "1.0.0-alpha.39"
  resolved "https://registry.yarnpkg.com/@algolia/autocomplete-preset-algolia/-/autocomplete-preset-algolia-1.0.0-alpha.39.tgz#efbd238cf8fba4ed178344cca70b84addb0f0209"
  integrity sha512-0E9dvwk1ibGpQk7Kq1M8bqcxZ5ToXowAxcICLpy6SwQoWAV4P5lygkeU3gkkEwqZCzCdRbB+KbahUP62ie26Jw==
  dependencies:
    "@algolia/autocomplete-shared" "1.0.0-alpha.39"

"@algolia/autocomplete-shared@1.0.0-alpha.39":
  version "1.0.0-alpha.39"
  resolved "https://registry.yarnpkg.com/@algolia/autocomplete-shared/-/autocomplete-shared-1.0.0-alpha.39.tgz#5f661a09150cb5a049d4697eb57fffb4adbceb63"
  integrity sha512-t0tOPVBjWicKWtysQZbblXmFDRToTgXXtjSeiDCeAfD9lCN7jx52F8kkT1ZnzhmAHcSpcaLagjTLttcyJwJjwQ==

"@algolia/cache-browser-local-storage@4.8.4":
  version "4.8.4"
  resolved "https://registry.yarnpkg.com/@algolia/cache-browser-local-storage/-/cache-browser-local-storage-4.8.4.tgz#6a03ffc6b0b5b5aa7f74732bf8091a0f3d2b0986"
  integrity sha512-qSS3VMP3oMhcLrYIFveRyt3F5XB6MqWogF4Vooj8KvOvqv6jBmYwkAueSXCF5pkJEaA72VL9+9NbBpfC8ez2ww==
  dependencies:
    "@algolia/cache-common" "4.8.4"

"@algolia/cache-common@4.8.4":
  version "4.8.4"
  resolved "https://registry.yarnpkg.com/@algolia/cache-common/-/cache-common-4.8.4.tgz#b105bdfe3fa0ba15db936177c4db420befed2ab7"
  integrity sha512-5+dLmj6qFy4WOtnNQuFRfWTIIDdpUigv+dXaKMFplNPBvZHGFy3hcRjWqYzGcqaeLqcXbN8cU5r75mvrlJIxcw==

"@algolia/cache-in-memory@4.8.4":
  version "4.8.4"
  resolved "https://registry.yarnpkg.com/@algolia/cache-in-memory/-/cache-in-memory-4.8.4.tgz#e978935dd8c4bbd555820e9b9fc863a24f3d38dd"
  integrity sha512-PBN4YKxn/L+HjVKqUE5rtLiFKqzm4qnUoF7QvCFFmFAViCdYwZSMFVmDobstqWY3KULfsEqaeD4eU4jxZbKhEA==
  dependencies:
    "@algolia/cache-common" "4.8.4"

"@algolia/client-account@4.8.4":
  version "4.8.4"
  resolved "https://registry.yarnpkg.com/@algolia/client-account/-/client-account-4.8.4.tgz#a0af429e3587b33a988fec98ce0c739fd16143aa"
  integrity sha512-mrsOnGV4O2b+t1CumUH72+Psw9d9qwngBEp2le7IMSceJQywQvNCyJ4B4qyoozHsIGapXfcVAOhRxqUsNQ6U6g==
  dependencies:
    "@algolia/client-common" "4.8.4"
    "@algolia/client-search" "4.8.4"
    "@algolia/transporter" "4.8.4"

"@algolia/client-analytics@4.8.4":
  version "4.8.4"
  resolved "https://registry.yarnpkg.com/@algolia/client-analytics/-/client-analytics-4.8.4.tgz#77c81b699909b50ecd9bf97997f014cfeb358fc3"
  integrity sha512-Xy70njSUgG/QTv5+rPjsTIzBF/bjxseS5h9SawrQGzovTosbJbu9JBlg4YwVJnYvjovzpr7S39+gPIPc8M7+Rg==
  dependencies:
    "@algolia/client-common" "4.8.4"
    "@algolia/client-search" "4.8.4"
    "@algolia/requester-common" "4.8.4"
    "@algolia/transporter" "4.8.4"

"@algolia/client-common@4.8.4":
  version "4.8.4"
  resolved "https://registry.yarnpkg.com/@algolia/client-common/-/client-common-4.8.4.tgz#a1b35645253c7f96925bfe91bac486e755329b77"
  integr