# THIS IS AN AUTOGENERATED FILE. DO NOT EDIT THIS FILE DIRECTLY.
# yarn lockfile v1


"@algolia/autocomplete-core@^1.0.0-alpha.35":
  version "1.0.0-alpha.39"
  resolved "https://registry.yarnpkg.com/@algolia/autocomplete-core/-/autocomplete-core-1.0.0-alpha.39.tgz#46d4c612243df75da9f2c57edd6f6d7b08633f13"
  integrity sha512-Iaer2aItGbNlJr5/lI65zR0yfFCEVedBwm8A3MTLB6Gj/A5sXscL+X4mP04hQemUMqZ9c2cLryVN1UI0h09t3w==
  dependencies:
    "@algolia/autocomplete-shared" "1.0.0-alpha.39"

"@algolia/autocomplete-preset-algolia@^1.0.0-alpha.35":
  version "1.0.0-alpha.39"
  resolved "https://registry.yarnpkg.com/@algolia/autocomplete-preset-algolia/-/autocomplete-preset-algolia-1.0.0-alpha.39.tgz#efbd238cf8fba4ed178344cca70b84addb0f0209"
  integrity sha512-0E9dvwk1ibGpQk7Kq1M8bqcxZ5ToXowAxcICLpy6SwQoWAV4P5lygkeU3gkkEwqZCzCdRbB+KbahUP62ie26Jw==
  dependencies:
    "@algolia/autocomplete-shared" "1.0.0-alpha.39"

"@algolia/autocomplete-shared@1.0.0-alpha.39":
  version "1.0.0